
Microsoft Visual Studio Solution File, Format Version 12.00
# Visual Studio Version 17
VisualStudioVersion = 17.10.35013.160
MinimumVisualStudioVersion = 10.0.40219.1
Project("{FAE04EC0-301F-11D3-BF4B-00C04F79EFBC}") = "DependencyInjection", "DependencyInjection.csproj", "{2EEB2758-EC05-4CD5-B8AA-3CAC8747530E}"
EndProject
Global
	GlobalSection(SolutionConfigurationPlatforms) = preSolution
		Debug|Any CPU = Debug|Any CPU
		Release|Any CPU = Release|Any CPU
	EndGlobalSection
	GlobalSection(ProjectConfigurationPlatforms) = postSolution
		{2EEB2758-EC05-4CD5-B8AA-3CAC8747530E}.Debug|Any CPU.ActiveCfg = Debug|Any CPU
		{2EEB2758-EC05-4CD5-B8AA-3CAC8747530E}.Debug|Any CPU.Build.0 = Debug|Any CPU
		{2EEB2758-EC05-4CD5-B8AA-3CAC8747530E}.Release|Any CPU.ActiveCfg = Release|Any CPU
		{2EEB2758-EC05-4CD5-B8AA-3CAC8747530E}.Release|Any CPU.Build.0 = Release|Any CPU
	EndGlobalSection
	GlobalSection(SolutionProperties) = preSolution
		HideSolutionNode = FALSE
	EndGlobalSection
	GlobalSection(ExtensibilityGlobals) = postSolution
		SolutionGuid = {173A4F57-A290-4CBD-84B0-0011602DFF15}
	EndGlobalSection
EndGlobal
