
Microsoft Visual Studio Solution File, Format Version 12.00
# Visual Studio Version 17
VisualStudioVersion = 17.10.35013.160
MinimumVisualStudioVersion = 10.0.40219.1
Project("{FAE04EC0-301F-11D3-BF4B-00C04F79EFBC}") = "MoqNTierExample", "MoqNTierExample.csproj", "{95C2B0E0-63E9-4913-9CF3-FD64BB33251D}"
EndProject
Project("{FAE04EC0-301F-11D3-BF4B-00C04F79EFBC}") = "MoqNTierExampleTest", "..\MoqNTierExampleTest\MoqNTierExampleTest.csproj", "{6CDE1ACD-58B5-4631-83B6-8C1F719A5FA3}"
EndProject
Global
	GlobalSection(SolutionConfigurationPlatforms) = preSolution
		Debug|Any CPU = Debug|Any CPU
		Release|Any CPU = Release|Any CPU
	EndGlobalSection
	GlobalSection(ProjectConfigurationPlatforms) = postSolution
		{95C2B0E0-63E9-4913-9CF3-FD64BB33251D}.Debug|Any CPU.ActiveCfg = Debug|Any CPU
		{95C2B0E0-63E9-4913-9CF3-FD64BB33251D}.Debug|Any CPU.Build.0 = Debug|Any CPU
		{95C2B0E0-63E9-4913-9CF3-FD64BB33251D}.Release|Any CPU.ActiveCfg = Release|Any CPU
		{95C2B0E0-63E9-4913-9CF3-FD64BB33251D}.Release|Any CPU.Build.0 = Release|Any CPU
		{6CDE1ACD-58B5-4631-83B6-8C1F719A5FA3}.Debug|Any CPU.ActiveCfg = Debug|Any CPU
		{6CDE1ACD-58B5-4631-83B6-8C1F719A5FA3}.Debug|Any CPU.Build.0 = Debug|Any CPU
		{6CDE1ACD-58B5-4631-83B6-8C1F719A5FA3}.Release|Any CPU.ActiveCfg = Release|Any CPU
		{6CDE1ACD-58B5-4631-83B6-8C1F719A5FA3}.Release|Any CPU.Build.0 = Release|Any CPU
	EndGlobalSection
	GlobalSection(SolutionProperties) = preSolution
		HideSolutionNode = FALSE
	EndGlobalSection
	GlobalSection(ExtensibilityGlobals) = postSolution
		SolutionGuid = {53B37AB2-0150-43EA-B8BA-447B6BF6C2EF}
	EndGlobalSection
EndGlobal
