
Microsoft Visual Studio Solution File, Format Version 12.00
# Visual Studio Version 17
VisualStudioVersion = 17.10.35013.160
MinimumVisualStudioVersion = 10.0.40219.1
Project("{FAE04EC0-301F-11D3-BF4B-00C04F79EFBC}") = "DI Lecture 3", "DI Lecture 3.csproj", "{ED5E6E17-9F82-465E-B644-080DE7C5A075}"
EndProject
Global
	GlobalSection(SolutionConfigurationPlatforms) = preSolution
		Debug|Any CPU = Debug|Any CPU
		Release|Any CPU = Release|Any CPU
	EndGlobalSection
	GlobalSection(ProjectConfigurationPlatforms) = postSolution
		{ED5E6E17-9F82-465E-B644-080DE7C5A075}.Debug|Any CPU.ActiveCfg = Debug|Any CPU
		{ED5E6E17-9F82-465E-B644-080DE7C5A075}.Debug|Any CPU.Build.0 = Debug|Any CPU
		{ED5E6E17-9F82-465E-B644-080DE7C5A075}.Release|Any CPU.ActiveCfg = Release|Any CPU
		{ED5E6E17-9F82-465E-B644-080DE7C5A075}.Release|Any CPU.Build.0 = Release|Any CPU
	EndGlobalSection
	GlobalSection(SolutionProperties) = preSolution
		HideSolutionNode = FALSE
	EndGlobalSection
	GlobalSection(ExtensibilityGlobals) = postSolution
		SolutionGuid = {FF4F0E0F-9264-44BE-8BA3-28319E0D0300}
	EndGlobalSection
EndGlobal
