
Microsoft Visual Studio Solution File, Format Version 12.00
# Visual Studio Version 17
VisualStudioVersion = 17.10.35013.160
MinimumVisualStudioVersion = 10.0.40219.1
Project("{FAE04EC0-301F-11D3-BF4B-00C04F79EFBC}") = "MyApplication", "MyApplication.csproj", "{7CB7542B-CAD7-4EEB-AE55-9C5942342302}"
EndProject
Project("{FAE04EC0-301F-11D3-BF4B-00C04F79EFBC}") = "MyApplicationTestProject", "..\MyApplicationTestProject\MyApplicationTestProject.csproj", "{8C7CA6A6-14AE-46B1-B2F1-AE7426C66341}"
EndProject
Global
	GlobalSection(SolutionConfigurationPlatforms) = preSolution
		Debug|Any CPU = Debug|Any CPU
		Release|Any CPU = Release|Any CPU
	EndGlobalSection
	GlobalSection(ProjectConfigurationPlatforms) = postSolution
		{7CB7542B-CAD7-4EEB-AE55-9C5942342302}.Debug|Any CPU.ActiveCfg = Debug|Any CPU
		{7CB7542B-CAD7-4EEB-AE55-9C5942342302}.Debug|Any CPU.Build.0 = Debug|Any CPU
		{7CB7542B-CAD7-4EEB-AE55-9C5942342302}.Release|Any CPU.ActiveCfg = Release|Any CPU
		{7CB7542B-CAD7-4EEB-AE55-9C5942342302}.Release|Any CPU.Build.0 = Release|Any CPU
		{8C7CA6A6-14AE-46B1-B2F1-AE7426C66341}.Debug|Any CPU.ActiveCfg = Debug|Any CPU
		{8C7CA6A6-14AE-46B1-B2F1-AE7426C66341}.Debug|Any CPU.Build.0 = Debug|Any CPU
		{8C7CA6A6-14AE-46B1-B2F1-AE7426C66341}.Release|Any CPU.ActiveCfg = Release|Any CPU
		{8C7CA6A6-14AE-46B1-B2F1-AE7426C66341}.Release|Any CPU.Build.0 = Release|Any CPU
	EndGlobalSection
	GlobalSection(SolutionProperties) = preSolution
		HideSolutionNode = FALSE
	EndGlobalSection
	GlobalSection(ExtensibilityGlobals) = postSolution
		SolutionGuid = {3EFBFAD1-ED3E-477D-A044-D6A5ABE0A47B}
	EndGlobalSection
EndGlobal
